# This file is automatically @generated by Poetry 1.5.1 and should not be changed by hand.

[[package]]
name = "json-lines"
version = "0.5.0"
description = "Reading JSON lines (jl) files, recover broken files"
optional = false
python-versions = "*"
files = [
    {file = "json-lines-0.5.0.tar.gz", hash = "sha256:a1a5c3e24fb1bafc54b2bf273469c7b986445df520a923db182a96a954b42ae6"},
    {file = "json_lines-0.5.0-py2.py3-none-any.whl", hash = "sha256:8a20de205b582c9feb6fc2e0c3eafd849fd28c47432f6b3712b365f5068414bb"},
]

[package.dependencies]
six = "*"

[[package]]
name = "six"
version = "1.16.0"
description = "Python 2 and 3 compatibility utilities"
optional = false
python-versions = ">=2.7, !=3.0.*, !=3.1.*, !=3.2.*"
files = [
    {file = "six-1.16.0-py2.py3-none-any.whl", hash = "sha256:8abb2f1d86890a2dfb989f9a77cfcfd3e47c2a354b01111771326f8aa26e0254"},
    {file = "six-1.16.0.tar.gz", hash = "sha256:1e61c37477a1626458e36f7b1d82aa5c9b094fa4802892072e49de9c60c4c926"},
]

[metadata]
lock-version = "2.0"
python-versions = "^3.11"
content-hash = "d2da6e6866c7d454cd4c32053eb382419bbc8306cd72b093c0cf399613fbd7cf"
